// !$*UTF8*$!
{
	archiveVersion = 1;
	classes = {
	};
	objectVersion = 53;
	objects = {

/* Begin PBXBuildFile section */
		C30129AD27973DA2001722CB /* MainMenu.xib in Resources */ = {isa = PBXBuildFile; fileRef = C30129AC27973DA2001722CB /* MainMenu.xib */; };
		C306CE6D2770F26C00102885 /* StepperViewModel.swift in Sources */ = {isa = PBXBuildFile; fileRef = C306CE6C2770F26C00102885 /* StepperViewModel.swift */; };
		C32A5A3E2798A31300263E97 /* Localizable.strings in Resources */ = {isa = PBXBuildFile; fileRef = C32A5A402798A31300263E97 /* Localizable.strings */; };
		C34D6E47277A690700685B8B /* SettingsView.swift in Sources */ = {isa = PBXBuildFile; fileRef = C34D6E46277A690600685B8B /* SettingsView.swift */; };
		C3831DC6277294FC00CE382C /* LanguageViewModel.swift in Sources */ = {isa = PBXBuildFile; fileRef = C3831DC5277294FC00CE382C /* LanguageViewModel.swift */; };
		C38BC9B4278BBB9200018875 /* AboutView.swift in Sources */ = {isa = PBXBuildFile; fileRef = C38BC9B3278BBB9200018875 /* AboutView.swift */; };
		C3A763F92771FFB200103870 /* 27-eng.wordpass in Resources */ = {isa = PBXBuildFile; fileRef = C3A763DB2771FFB000103870 /* 27-eng.wordpass */; };
		C3A763FA2771FFB200103870 /* 16-eng.wordpass in Resources */ = {isa = PBXBuildFile; fileRef = C3A763DC2771FFB000103870 /* 16-eng.wordpass */; };
		C3A763FB2771FFB200103870 /* 6-eng.wordpass in Resources */ = {isa = PBXBuildFile; fileRef = C3A763DD2771FFB000103870 /* 6-eng.wordpass */; };
		C3A763FD2771FFB200103870 /* 12-eng.wordpass in Resources */ = {isa = PBXBuildFile; fileRef = C3A763DF2771FFB100103870 /* 12-eng.wordpass */; };
		C3A763FE2771FFB200103870 /* 14-eng.wordpass in Resources */ = {isa = PBXBuildFile; fileRef = C3A763E02771FFB100103870 /* 14-eng.wordpass */; };
		C3A763FF2771FFB200103870 /* 22-eng.wordpass in Resources */ = {isa = PBXBuildFile; fileRef = C3A763E12771FFB100103870 /* 22-eng.wordpass */; };
		C3A764002771FFB200103870 /* 19-eng.wordpass in Resources */ = {isa = PBXBuildFile; fileRef = C3A763E22771FFB100103870 /* 19-eng.wordpass */; };
		C3A764022771FFB200103870 /* 23-eng.wordpass in Resources */ = {isa = PBXBuildFile; fileRef = C3A763E42771FFB100103870 /* 23-eng.wordpass */; };
		C3A764032771FFB200103870 /* 7-eng.wordpass in Resources */ = {isa = PBXBuildFile; fileRef = C3A763E52771FFB100103870 /* 7-eng.wordpass */; };
		C3A764042771FFB200103870 /* 9-eng.wordpass in Resources */ = {isa = PBXBuildFile; fileRef = C3A763E62771FFB100103870 /* 9-eng.wordpass */; };
		C3A764052771FFB200103870 /* 4-eng.wordpass in Resources */ = {isa = PBXBuildFile; fileRef = C3A763E72771FFB100103870 /* 4-eng.wordpass */; };
		C3A764062771FFB200103870 /* 11-eng.wordpass in Resources */ = {isa = PBXBuildFile; fileRef = C3A763E82771FFB100103870 /* 11-eng.wordpass */; };
		C3A764072771FFB200103870 /* 31-eng.wordpass in Resources */ = {isa = PBXBuildFile; fileRef = C3A763E92771FFB100103870 /* 31-eng.wordpass */; };
		C3A764082771FFB200103870 /* 8-eng.wordpass in Resources */ = {isa = PBXBuildFile; fileRef = C3A763EA2771FFB100103870 /* 8-eng.wordpass */; };
		C3A764092771FFB200103870 /* 20-eng.wordpass in Resources */ = {isa = PBXBuildFile; fileRef = C3A763EB2771FFB100103870 /* 20-eng.wordpass */; };
		C3A7640A2771FFB200103870 /* 2-eng.wordpass in Resources */ = {isa = PBXBuildFile; fileRef = C3A763EC2771FFB100103870 /* 2-eng.wordpass */; };
		C3A7640B2771FFB200103870 /* 24-eng.wordpass in Resources */ = {isa = PBXBuildFile; fileRef = C3A763ED2771FFB100103870 /* 24-eng.wordpass */; };
		C3A7640C2771FFB200103870 /* 5-eng.wordpass in Resources */ = {isa = PBXBuildFile; fileRef = C3A763EE2771FFB100103870 /* 5-eng.wordpass */; };
		C3A7640D2771FFB200103870 /* 15-eng.wordpass in Resources */ = {isa = PBXBuildFile; fileRef = C3A763EF2771FFB100103870 /* 15-eng.wordpass */; };
		C3A7640E2771FFB200103870 /* 3-eng.wordpass in Resources */ = {isa = PBXBuildFile; fileRef = C3A763F02771FFB100103870 /* 3-eng.wordpass */; };
		C3A7640F2771FFB200103870 /* 28-eng.wordpass in Resources */ = {isa = PBXBuildFile; fileRef = C3A763F12771FFB100103870 /* 28-eng.wordpass */; };
		C3A764102771FFB200103870 /* 21-eng.wordpass in Resources */ = {isa = PBXBuildFile; fileRef = C3A763F22771FFB100103870 /* 21-eng.wordpass */; };
		C3A764112771FFB200103870 /* 17-eng.wordpass in Resources */ = {isa = PBXBuildFile; fileRef = C3A763F32771FFB100103870 /* 17-eng.wordpass */; };
		C3A764122771FFB200103870 /* 13-eng.wordpass in Resources */ = {isa = PBXBuildFile; fileRef = C3A763F42771FFB100103870 /* 13-eng.wordpass */; };
		C3A764132771FFB200103870 /* 25-eng.wordpass in Resources */ = {isa = PBXBuildFile; fileRef = C3A763F52771FFB100103870 /* 25-eng.wordpass */; };
		C3A764142771FFB200103870 /* 18-eng.wordpass in Resources */ = {isa = PBXBuildFile; fileRef = C3A763F62771FFB100103870 /* 18-eng.wordpass */; };
		C3A764152771FFB200103870 /* 29-eng.wordpass in Resources */ = {isa = PBXBuildFile; fileRef = C3A763F72771FFB100103870 /* 29-eng.wordpass */; };
		C3A764162771FFB200103870 /* 10-eng.wordpass in Resources */ = {isa = PBXBuildFile; fileRef = C3A763F82771FFB200103870 /* 10-eng.wordpass */; };
		C3BB2BD1277142CA002802B7 /* 5-de.wordpass in Resources */ = {isa = PBXBuildFile; fileRef = C3BB2BA5277142C8002802B7 /* 5-de.wordpass */; };
		C3BB2BD2277142CA002802B7 /* 14-de.wordpass in Resources */ = {isa = PBXBuildFile; fileRef = C3BB2BA6277142C8002802B7 /* 14-de.wordpass */; };
		C3BB2BD3277142CA002802B7 /* 10-de.wordpass in Resources */ = {isa = PBXBuildFile; fileRef = C3BB2BA7277142C8002802B7 /* 10-de.wordpass */; };
		C3BB2BD4277142CA002802B7 /* 32-de.wordpass in Resources */ = {isa = PBXBuildFile; fileRef = C3BB2BA8277142C8002802B7 /* 32-de.wordpass */; };
		C3BB2BD5277142CA002802B7 /* 26-de.wordpass in Resources */ = {isa = PBXBuildFile; fileRef = C3BB2BA9277142C8002802B7 /* 26-de.wordpass */; };
		C3BB2BD6277142CA002802B7 /* 13-de.wordpass in Resources */ = {isa = PBXBuildFile; fileRef = C3BB2BAA277142C8002802B7 /* 13-de.wordpass */; };
		C3BB2BD7277142CA002802B7 /* 4-de.wordpass in Resources */ = {isa = PBXBuildFile; fileRef = C3BB2BAB277142C9002802B7 /* 4-de.wordpass */; };
		C3BB2BD8277142CA002802B7 /* 33-de.wordpass in Resources */ = {isa = PBXBuildFile; fileRef = C3BB2BAC277142C9002802B7 /* 33-de.wordpass */; };
		C3BB2BD9277142CA002802B7 /* 41-de.wordpass in Resources */ = {isa = PBXBuildFile; fileRef = C3BB2BAD277142C9002802B7 /* 41-de.wordpass */; };
		C3BB2BDA277142CA002802B7 /* 42-de.wordpass in Resources */ = {isa = PBXBuildFile; fileRef = C3BB2BAE277142C9002802B7 /* 42-de.wordpass */; };
		C3BB2BDB277142CA002802B7 /* 30-de.wordpass in Resources */ = {isa = PBXBuildFile; fileRef = C3BB2BAF277142C9002802B7 /* 30-de.wordpass */; };
		C3BB2BDC277142CA002802B7 /* 2-de.wordpass in Resources */ = {isa = PBXBuildFile; fileRef = C3BB2BB0277142C9002802B7 /* 2-de.wordpass */; };
		C3BB2BDD277142CA002802B7 /* 8-de.wordpass in Resources */ = {isa = PBXBuildFile; fileRef = C3BB2BB1277142C9002802B7 /* 8-de.wordpass */; };
		C3BB2BDE277142CA002802B7 /* 20-de.wordpass in Resources */ = {isa = PBXBuildFile; fileRef = C3BB2BB2277142C9002802B7 /* 20-de.wordpass */; };
		C3BB2BDF277142CA002802B7 /* 40-de.wordpass in Resources */ = {isa = PBXBuildFile; fileRef = C3BB2BB3277142C9002802B7 /* 40-de.wordpass */; };
		C3BB2BE0277142CA002802B7 /* 27-de.wordpass in Resources */ = {isa = PBXBuildFile; fileRef = C3BB2BB4277142C9002802B7 /* 27-de.wordpass */; };
		C3BB2BE1277142CA002802B7 /* 37-de.wordpass in Resources */ = {isa = PBXBuildFile; fileRef = C3BB2BB5277142C9002802B7 /* 37-de.wordpass */; };
		C3BB2BE2277142CA002802B7 /* 39-de.wordpass in Resources */ = {isa = PBXBuildFile; fileRef = C3BB2BB6277142C9002802B7 /* 39-de.wordpass */; };
		C3BB2BE3277142CA002802B7 /* 22-de.wordpass in Resources */ = {isa = PBXBuildFile; fileRef = C3BB2BB7277142C9002802B7 /* 22-de.wordpass */; };
		C3BB2BE4277142CA002802B7 /* 3-de.wordpass in Resources */ = {isa = PBXBuildFile; fileRef = C3BB2BB8277142C9002802B7 /* 3-de.wordpass */; };
		C3BB2BE5277142CA002802B7 /* 28-de.wordpass in Resources */ = {isa = PBXBuildFile; fileRef = C3BB2BB9277142C9002802B7 /* 28-de.wordpass */; };
		C3BB2BE6277142CA002802B7 /* 29-de.wordpass in Resources */ = {isa = PBXBuildFile; fileRef = C3BB2BBA277142C9002802B7 /* 29-de.wordpass */; };
		C3BB2BE7277142CA002802B7 /* 44-de.wordpass in Resources */ = {isa = PBXBuildFile; fileRef = C3BB2BBB277142C9002802B7 /* 44-de.wordpass */; };
		C3BB2BE8277142CA002802B7 /* 45-de.wordpass in Resources */ = {isa = PBXBuildFile; fileRef = C3BB2BBC277142C9002802B7 /* 45-de.wordpass */; };
		C3BB2BE9277142CA002802B7 /* 31-de.wordpass in Resources */ = {isa = PBXBuildFile; fileRef = C3BB2BBD277142C9002802B7 /* 31-de.wordpass */; };
		C3BB2BEA277142CA002802B7 /* 36-de.wordpass in Resources */ = {isa = PBXBuildFile; fileRef = C3BB2BBE277142C9002802B7 /* 36-de.wordpass */; };
		C3BB2BEB277142CA002802B7 /* 15-de.wordpass in Resources */ = {isa = PBXBuildFile; fileRef = C3BB2BBF277142C9002802B7 /* 15-de.wordpass */; };
		C3BB2BEC277142CA002802B7 /* 34-de.wordpass in Resources */ = {isa = PBXBuildFile; fileRef = C3BB2BC0277142C9002802B7 /* 34-de.wordpass */; };
		C3BB2BED277142CA002802B7 /* 23-de.wordpass in Resources */ = {isa = PBXBuildFile; fileRef = C3BB2BC1277142C9002802B7 /* 23-de.wordpass */; };
		C3BB2BEE277142CA002802B7 /* 38-de.wordpass in Resources */ = {isa = PBXBuildFile; fileRef = C3BB2BC2277142C9002802B7 /* 38-de.wordpass */; };
		C3BB2BEF277142CA002802B7 /* 21-de.wordpass in Resources */ = {isa = PBXBuildFile; fileRef = C3BB2BC3277142C9002802B7 /* 21-de.wordpass */; };
		C3BB2BF0277142CA002802B7 /* 11-de.wordpass in Resources */ = {isa = PBXBuildFile; fileRef = C3BB2BC4277142C9002802B7 /* 11-de.wordpass */; };
		C3BB2BF1277142CA002802B7 /* 16-de.wordpass in Resources */ = {isa = PBXBuildFile; fileRef = C3BB2BC5277142C9002802B7 /* 16-de.wordpass */; };
		C3BB2BF2277142CA002802B7 /* 35-de.wordpass in Resources */ = {isa = PBXBuildFile; fileRef = C3BB2BC6277142C9002802B7 /* 35-de.wordpass */; };
		C3BB2BF3277142CA002802B7 /* 9-de.wordpass in Resources */ = {isa = PBXBuildFile; fileRef = C3BB2BC7277142C9002802B7 /* 9-de.wordpass */; };
		C3BB2BF4277142CA002802B7 /* 43-de.wordpass in Resources */ = {isa = PBXBuildFile; fileRef = C3BB2BC8277142C9002802B7 /* 43-de.wordpass */; };
		C3BB2BF5277142CA002802B7 /* 7-de.wordpass in Resources */ = {isa = PBXBuildFile; fileRef = C3BB2BC9277142CA002802B7 /* 7-de.wordpass */; };
		C3BB2BF6277142CA002802B7 /* 25-de.wordpass in Resources */ = {isa = PBXBuildFile; fileRef = C3BB2BCA277142CA002802B7 /* 25-de.wordpass */; };
		C3BB2BF7277142CA002802B7 /* 18-de.wordpass in Resources */ = {isa = PBXBuildFile; fileRef = C3BB2BCB277142CA002802B7 /* 18-de.wordpass */; };
		C3BB2BF8277142CA002802B7 /* 12-de.wordpass in Resources */ = {isa = PBXBuildFile; fileRef = C3BB2BCC277142CA002802B7 /* 12-de.wordpass */; };
		C3BB2BF9277142CA002802B7 /* 24-de.wordpass in Resources */ = {isa = PBXBuildFile; fileRef = C3BB2BCD277142CA002802B7 /* 24-de.wordpass */; };
		C3BB2BFA277142CA002802B7 /* 19-de.wordpass in Resources */ = {isa = PBXBuildFile; fileRef = C3BB2BCE277142CA002802B7 /* 19-de.wordpass */; };
		C3BB2BFB277142CA002802B7 /* 6-de.wordpass in Resources */ = {isa = PBXBuildFile; fileRef = C3BB2BCF277142CA002802B7 /* 6-de.wordpass */; };
		C3BB2BFC277142CA002802B7 /* 17-de.wordpass in Resources */ = {isa = PBXBuildFile; fileRef = C3BB2BD0277142CA002802B7 /* 17-de.wordpass */; };
		C3BBCCC22766CB9B00AB3F2F /* word_index_handler.swift in Sources */ = {isa = PBXBuildFile; fileRef = C3BBCCC12766CB9B00AB3F2F /* word_index_handler.swift */; };
		C3BBCCC42766CBFD00AB3F2F /* word_index.swift in Sources */ = {isa = PBXBuildFile; fileRef = C3BBCCC32766CBFD00AB3F2F /* word_index.swift */; };
		C3BBCCC62766CC0B00AB3F2F /* password_gen.swift in Sources */ = {isa = PBXBuildFile; fileRef = C3BBCCC52766CC0B00AB3F2F /* password_gen.swift */; };
		C3BBCCC82766CC0E00AB3F2F /* password_gen_helper.swift in Sources */ = {isa = PBXBuildFile; fileRef = C3BBCCC72766CC0E00AB3F2F /* password_gen_helper.swift */; };
		C3C5AF9727602A3B00178E4E /* PassWordApp.swift in Sources */ = {isa = PBXBuildFile; fileRef = C3C5AF9627602A3B00178E4E /* PassWordApp.swift */; };
		C3C5AF9927602A3B00178E4E /* MainView.swift in Sources */ = {isa = PBXBuildFile; fileRef = C3C5AF9827602A3B00178E4E /* MainView.swift */; };
		C3C5AF9B27602A3C00178E4E /* Assets.xcassets in Resources */ = {isa = PBXBuildFile; fileRef = C3C5AF9A27602A3C00178E4E /* Assets.xcassets */; };
		C3C5AF9E27602A3C00178E4E /* Preview Assets.xcassets in Resources */ = {isa = PBXBuildFile; fileRef = C3C5AF9D27602A3C00178E4E /* Preview Assets.xcassets */; };
		C3D1B4C8277B66260032F705 /* Extentions.swift in Sources */ = {isa = PBXBuildFile; fileRef = C3D1B4C7277B66260032F705 /* Extentions.swift */; };
/* End PBXBuildFile section */

/* Begin PBXFileReference section */
		C30129AC27973DA2001722CB /* MainMenu.xib */ = {isa = PBXFileReference; lastKnownFileType = file.xib; name = MainMenu.xib; path = "PassWord-Creator/MainMenu.xib"; sourceTree = SOURCE_ROOT; };
		C306CE6C2770F26C00102885 /* StepperViewModel.swift */ = {isa = PBXFileReference; lastKnownFileType = sourcecode.swift; path = StepperViewModel.swift; sourceTree = "<group>"; };
		C32A5A3F2798A31300263E97 /* en */ = {isa = PBXFileReference; lastKnownFileType = text.plist.strings; name = en; path = en.lproj/Localizable.strings; sourceTree = "<group>"; };
		C32A5A422798A58600263E97 /* de */ = {isa = PBXFileReference; lastKnownFileType = text.plist.strings; name = de; path = de.lproj/Localizable.strings; sourceTree = "<group>"; };
		C34D6E46277A690600685B8B /* SettingsView.swift */ = {isa = PBXFileReference; lastKnownFileType = sourcecode.swift; path = SettingsView.swift; sourceTree = "<group>"; };
		C3831DC5277294FC00CE382C /* LanguageViewModel.swift */ = {isa = PBXFileReference; lastKnownFileType = sourcecode.swift; path = LanguageViewModel.swift; sourceTree = "<group>"; };
		C38BC9B3278BBB9200018875 /* AboutView.swift */ = {isa = PBXFileReference; lastKnownFileType = sourcecode.swift; path = AboutView.swift; sourceTree = "<group>"; };
		C3A763DB2771FFB000103870 /* 27-eng.wordpass */ = {isa = PBXFileReference; fileEncoding = 4; lastKnownFileType = text; path = "27-eng.wordpass"; sourceTree = "<group>"; };
		C3A763DC2771FFB000103870 /* 16-eng.wordpass */ = {isa = PBXFileReference; fileEncoding = 4; lastKnownFileType = text; path = "16-eng.wordpass"; sourceTree = "<group>"; };
		C3A763DD2771FFB000103870 /* 6-eng.wordpass */ = {isa = PBXFileReference; fileEncoding = 4; lastKnownFileType = text; path = "6-eng.wordpass"; sourceTree = "<group>"; };
		C3A763DF2771FFB100103870 /* 12-eng.wordpass */ = {isa = PBXFileReference; fileEncoding = 4; lastKnownFileType = text; path = "12-eng.wordpass"; sourceTree = "<group>"; };
		C3A763E02771FFB100103870 /* 14-eng.wordpass */ = {isa = PBXFileReference; fileEncoding = 4; lastKnownFileType = text; path = "14-eng.wordpass"; sourceTree = "<group>"; };
		C3A763E12771FFB100103870 /* 22-eng.wordpass */ = {isa = PBXFileReference; fileEncoding = 4; lastKnownFileType = text; path = "22-eng.wordpass"; sourceTree = "<group>"; };
		C3A763E22771FFB100103870 /* 19-eng.wordpass */ = {isa = PBXFileReference; fileEncoding = 4; lastKnownFileType = text; path = "19-eng.wordpass"; sourceTree = "<group>"; };
		C3A763E42771FFB100103870 /* 23-eng.wordpass */ = {isa = PBXFileReference; fileEncoding = 4; lastKnownFileType = text; path = "23-eng.wordpass"; sourceTree = "<group>"; };
		C3A763E52771FFB100103870 /* 7-eng.wordpass */ = {isa = PBXFileReference; fileEncoding = 4; lastKnownFileType = text; path = "7-eng.wordpass"; sourceTree = "<group>"; };
		C3A763E62771FFB100103870 /* 9-eng.wordpass */ = {isa = PBXFileReference; fileEncoding = 4; lastKnownFileType = text; path = "9-eng.wordpass"; sourceTree = "<group>"; };
		C3A763E72771FFB100103870 /* 4-eng.wordpass */ = {isa = PBXFileReference; fileEncoding = 4; lastKnownFileType = text; path = "4-eng.wordpass"; sourceTree = "<group>"; };
		C3A763E82771FFB100103870 /* 11-eng.wordpass */ = {isa = PBXFileReference; fileEncoding = 4; lastKnownFileType = text; path = "11-eng.wordpass"; sourceTree = "<group>"; };
		C3A763E92771FFB100103870 /* 31-eng.wordpass */ = {isa = PBXFileReference; fileEncoding = 4; lastKnownFileType = text; path = "31-eng.wordpass"; sourceTree = "<group>"; };
		C3A763EA2771FFB100103870 /* 8-eng.wordpass */ = {isa = PBXFileReference; fileEncoding = 4; lastKnownFileType = text; path = "8-eng.wordpass"; sourceTree = "<group>"; };
		C3A763EB2771FFB100103870 /* 20-eng.wordpass */ = {isa = PBXFileReference; fileEncoding = 4; lastKnownFileType = text; path = "20-eng.wordpass"; sourceTree = "<group>"; };
		C3A763EC2771FFB100103870 /* 2-eng.wordpass */ = {isa = PBXFileReference; fileEncoding = 4; lastKnownFileType = text; path = "2-eng.wordpass"; sourceTree = "<group>"; };
		C3A763ED2771FFB100103870 /* 24-eng.wordpass */ = {isa = PBXFileReference; fileEncoding = 4; lastKnownFileType = text; path = "24-eng.wordpass"; sourceTree = "<group>"; };
		C3A763EE2771FFB100103870 /* 5-eng.wordpass */ = {isa = PBXFileReference; fileEncoding = 4; lastKnownFileType = text; path = "5-eng.wordpass"; sourceTree = "<group>"; };
		C3A763EF2771FFB100103870 /* 15-eng.wordpass */ = {isa = PBXFileReference; fileEncoding = 4; lastKnownFileType = text; path = "15-eng.wordpass"; sourceTree = "<group>"; };
		C3A763F02771FFB100103870 /* 3-eng.wordpass */ = {isa = PBXFileReference; fileEncoding = 4; lastKnownFileType = text; path = "3-eng.wordpass"; sourceTree = "<group>"; };
		C3A763F12771FFB100103870 /* 28-eng.wordpass */ = {isa = PBXFileReference; fileEncoding = 4; lastKnownFileType = text; path = "28-eng.wordpass"; sourceTree = "<group>"; };
		C3A763F22771FFB100103870 /* 21-eng.wordpass */ = {isa = PBXFileReference; fileEncoding = 4; lastKnownFileType = text; path = "21-eng.wordpass"; sourceTree = "<group>"; };
		C3A763F32771FFB100103870 /* 17-eng.wordpass */ = {isa = PBXFileReference; fileEncoding = 4; lastKnownFileType = text; path = "17-eng.wordpass"; sourceTree = "<group>"; };
		C3A763F42771FFB100103870 /* 13-eng.wordpass */ = {isa = PBXFileReference; fileEncoding = 4; lastKnownFileType = text; path = "13-eng.wordpass"; sourceTree = "<group>"; };
		C3A763F52771FFB100103870 /* 25-eng.wordpass */ = {isa = PBXFileReference; fileEncoding = 4; lastKnownFileType = text; path = "25-eng.wordpass"; sourceTree = "<group>"; };
		C3A763F62771FFB100103870 /* 18-eng.wordpass */ = {isa = PBXFileReference; fileEncoding = 4; lastKnownFileType = text; path = "18-eng.wordpass"; sourceTree = "<group>"; };
		C3A763F72771FFB100103870 /* 29-eng.wordpass */ = {isa = PBXFileReference; fileEncoding = 4; lastKnownFileType = text; path = "29-eng.wordpass"; sourceTree = "<group>"; };
		C3A763F82771FFB200103870 /* 10-eng.wordpass */ = {isa = PBXFileReference; fileEncoding = 4; lastKnownFileType = text; path = "10-eng.wordpass"; sourceTree = "<group>"; };
		C3BB2BA5277142C8002802B7 /* 5-de.wordpass */ = {isa = PBXFileReference; fileEncoding = 4; lastKnownFileType = text; path = "5-de.wordpass"; sourceTree = "<group>"; };
		C3BB2BA6277142C8002802B7 /* 14-de.wordpass */ = {isa = PBXFileReference; fileEncoding = 4; lastKnownFileType = text; path = "14-de.wordpass"; sourceTree = "<group>"; };
		C3BB2BA7277142C8002802B7 /* 10-de.wordpass */ = {isa = PBXFileReference; fileEncoding = 4; lastKnownFileType = text; path = "10-de.wordpass"; sourceTree = "<group>"; };
		C3BB2BA8277142C8002802B7 /* 32-de.wordpass */ = {isa = PBXFileReference; fileEncoding = 4; lastKnownFileType = text; path = "32-de.wordpass"; sourceTree = "<group>"; };
		C3BB2BA9277142C8002802B7 /* 26-de.wordpass */ = {isa = PBXFileReference; fileEncoding = 4; lastKnownFileType = text; path = "26-de.wordpass"; sourceTree = "<group>"; };
		C3BB2BAA277142C8002802B7 /* 13-de.wordpass */ = {isa = PBXFileReference; fileEncoding = 4; lastKnownFileType = text; path = "13-de.wordpass"; sourceTree = "<group>"; };
		C3BB2BAB277142C9002802B7 /* 4-de.wordpass */ = {isa = PBXFileReference; fileEncoding = 4; lastKnownFileType = text; path = "4-de.wordpass"; sourceTree = "<group>"; };
		C3BB2BAC277142C9002802B7 /* 33-de.wordpass */ = {isa = PBXFileReference; fileEncoding = 4; lastKnownFileType = text; path = "33-de.wordpass"; sourceTree = "<group>"; };
		C3BB2BAD277142C9002802B7 /* 41-de.wordpass */ = {isa = PBXFileReference; fileEncoding = 4; lastKnownFileType = text; path = "41-de.wordpass"; sourceTree = "<group>"; };
		C3BB2BAE277142C9002802B7 /* 42-de.wordpass */ = {isa = PBXFileReference; fileEncoding = 4; lastKnownFileType = text; path = "42-de.wordpass"; sourceTree = "<group>"; };
		C3BB2BAF277142C9002802B7 /* 30-de.wordpass */ = {isa = PBXFileReference; fileEncoding = 4; lastKnownFileType = text; path = "30-de.wordpass"; sourceTree = "<group>"; };
		C3BB2BB0277142C9002802B7 /* 2-de.wordpass */ = {isa = PBXFileReference; fileEncoding = 4; lastKnownFileType = text; path = "2-de.wordpass"; sourceTree = "<group>"; };
		C3BB2BB1277142C9002802B7 /* 8-de.wordpass */ = {isa = PBXFileReference; fileEncoding = 4; lastKnownFileType = text; path = "8-de.wordpass"; sourceTree = "<group>"; };
		C3BB2BB2277142C9002802B7 /* 20-de.wordpass */ = {isa = PBXFileReference; fileEncoding = 4; lastKnownFileType = text; path = "20-de.wordpass"; sourceTree = "<group>"; };
		C3BB2BB3277142C9002802B7 /* 40-de.wordpass */ = {isa = PBXFileReference; fileEncoding = 4; lastKnownFileType = text; path = "40-de.wordpass"; sourceTree = "<group>"; };
		C3BB2BB4277142C9002802B7 /* 27-de.wordpass */ = {isa = PBXFileReference; fileEncoding = 4; lastKnownFileType = text; path = "27-de.wordpass"; sourceTree = "<group>"; };
		C3BB2BB5277142C9002802B7 /* 37-de.wordpass */ = {isa = PBXFileReference; fileEncoding = 4; lastKnownFileType = text; path = "37-de.wordpass"; sourceTree = "<group>"; };
		C3BB2BB6277142C9002802B7 /* 39-de.wordpass */ = {isa = PBXFileReference; fileEncoding = 4; lastKnownFileType = text; path = "39-de.wordpass"; sourceTree = "<group>"; };
		C3BB2BB7277142C9002802B7 /* 22-de.wordpass */ = {isa = PBXFileReference; fileEncoding = 4; lastKnownFileType = text; path = "22-de.wordpass"; sourceTree = "<group>"; };
		C3BB2BB8277142C9002802B7 /* 3-de.wordpass */ = {isa = PBXFileReference; fileEncoding = 4; lastKnownFileType = text; path = "3-de.wordpass"; sourceTree = "<group>"; };
		C3BB2BB9277142C9002802B7 /* 28-de.wordpass */ = {isa = PBXFileReference; fileEncoding = 4; lastKnownFileType = text; path = "28-de.wordpass"; sourceTree = "<group>"; };
		C3BB2BBA277142C9002802B7 /* 29-de.wordpass */ = {isa = PBXFileReference; fileEncoding = 4; lastKnownFileType = text; path = "29-de.wordpass"; sourceTree = "<group>"; };
		C3BB2BBB277142C9002802B7 /* 44-de.wordpass */ = {isa = PBXFileReference; fileEncoding = 4; lastKnownFileType = text; path = "44-de.wordpass"; sourceTree = "<group>"; };
		C3BB2BBC277142C9002802B7 /* 45-de.wordpass */ = {isa = PBXFileReference; fileEncoding = 4; lastKnownFileType = text; path = "45-de.wordpass"; sourceTree = "<group>"; };
		C3BB2BBD277142C9002802B7 /* 31-de.wordpass */ = {isa = PBXFileReference; fileEncoding = 4; lastKnownFileType = text; path = "31-de.wordpass"; sourceTree = "<group>"; };
		C3BB2BBE277142C9002802B7 /* 36-de.wordpass */ = {isa = PBXFileReference; fileEncoding = 4; lastKnownFileType = text; path = "36-de.wordpass"; sourceTree = "<group>"; };
		C3BB2BBF277142C9002802B7 /* 15-de.wordpass */ = {isa = PBXFileReference; fileEncoding = 4; lastKnownFileType = text; path = "15-de.wordpass"; sourceTree = "<group>"; };
		C3BB2BC0277142C9002802B7 /* 34-de.wordpass */ = {isa = PBXFileReference; fileEncoding = 4; lastKnownFileType = text; path = "34-de.wordpass"; sourceTree = "<group>"; };
		C3BB2BC1277142C9002802B7 /* 23-de.wordpass */ = {isa = PBXFileReference; fileEncoding = 4; lastKnownFileType = text; path = "23-de.wordpass"; sourceTree = "<group>"; };
		C3BB2BC2277142C9002802B7 /* 38-de.wordpass */ = {isa = PBXFileReference; fileEncoding = 4; lastKnownFileType = text; path = "38-de.wordpass"; sourceTree = "<group>"; };
		C3BB2BC3277142C9002802B7 /* 21-de.wordpass */ = {isa = PBXFileReference; fileEncoding = 4; lastKnownFileType = text; path = "21-de.wordpass"; sourceTree = "<group>"; };
		C3BB2BC4277142C9002802B7 /* 11-de.wordpass */ = {isa = PBXFileReference; fileEncoding = 4; lastKnownFileType = text; path = "11-de.wordpass"; sourceTree = "<group>"; };
		C3BB2BC5277142C9002802B7 /* 16-de.wordpass */ = {isa = PBXFileReference; fileEncoding = 4; lastKnownFileType = text; path = "16-de.wordpass"; sourceTree = "<group>"; };
		C3BB2BC6277142C9002802B7 /* 35-de.wordpass */ = {isa = PBXFileReference; fileEncoding = 4; lastKnownFileType = text; path = "35-de.wordpass"; sourceTree = "<group>"; };
		C3BB2BC7277142C9002802B7 /* 9-de.wordpass */ = {isa = PBXFileReference; fileEncoding = 4; lastKnownFileType = text; path = "9-de.wordpass"; sourceTree = "<group>"; };
		C3BB2BC8277142C9002802B7 /* 43-de.wordpass */ = {isa = PBXFileReference; fileEncoding = 4; lastKnownFileType = text; path = "43-de.wordpass"; sourceTree = "<group>"; };
		C3BB2BC9277142CA002802B7 /* 7-de.wordpass */ = {isa = PBXFileReference; fileEncoding = 4; lastKnownFileType = text; path = "7-de.wordpass"; sourceTree = "<group>"; };
		C3BB2BCA277142CA002802B7 /* 25-de.wordpass */ = {isa = PBXFileReference; fileEncoding = 4; lastKnownFileType = text; path = "25-de.wordpass"; sourceTree = "<group>"; };
		C3BB2BCB277142CA002802B7 /* 18-de.wordpass */ = {isa = PBXFileReference; fileEncoding = 4; lastKnownFileType = text; path = "18-de.wordpass"; sourceTree = "<group>"; };
		C3BB2BCC277142CA002802B7 /* 12-de.wordpass */ = {isa = PBXFileReference; fileEncoding = 4; lastKnownFileType = text; path = "12-de.wordpass"; sourceTree = "<group>"; };
		C3BB2BCD277142CA002802B7 /* 24-de.wordpass */ = {isa = PBXFileReference; fileEncoding = 4; lastKnownFileType = text; path = "24-de.wordpass"; sourceTree = "<group>"; };
		C3BB2BCE277142CA002802B7 /* 19-de.wordpass */ = {isa = PBXFileReference; fileEncoding = 4; lastKnownFileType = text; path = "19-de.wordpass"; sourceTree = "<group>"; };
		C3BB2BCF277142CA002802B7 /* 6-de.wordpass */ = {isa = PBXFileReference; fileEncoding = 4; lastKnownFileType = text; path = "6-de.wordpass"; sourceTree = "<group>"; };
		C3BB2BD0277142CA002802B7 /* 17-de.wordpass */ = {isa = PBXFileReference; fileEncoding = 4; lastKnownFileType = text; path = "17-de.wordpass"; sourceTree = "<group>"; };
		C3BBCCC12766CB9B00AB3F2F /* word_index_handler.swift */ = {isa = PBXFileReference; fileEncoding = 4; lastKnownFileType = sourcecode.swift; path = word_index_handler.swift; sourceTree = "<group>"; };
		C3BBCCC32766CBFD00AB3F2F /* word_index.swift */ = {isa = PBXFileReference; fileEncoding = 4; lastKnownFileType = sourcecode.swift; path = word_index.swift; sourceTree = "<group>"; };
		C3BBCCC52766CC0B00AB3F2F /* password_gen.swift */ = {isa = PBXFileReference; fileEncoding = 4; lastKnownFileType = sourcecode.swift; path = password_gen.swift; sourceTree = "<group>"; };
		C3BBCCC72766CC0E00AB3F2F /* password_gen_helper.swift */ = {isa = PBXFileReference; fileEncoding = 4; lastKnownFileType = sourcecode.swift; path = password_gen_helper.swift; sourceTree = "<group>"; };
		C3C5AF9327602A3B00178E4E /* PassWord Creator.app */ = {isa = PBXFileReference; explicitFileType = wrapper.application; includeInIndex = 0; path = "PassWord Creator.app"; sourceTree = BUILT_PRODUCTS_DIR; };
		C3C5AF9627602A3B00178E4E /* PassWordApp.swift */ = {isa = PBXFileReference; lastKnownFileType = sourcecode.swift; path = PassWordApp.swift; sourceTree = "<group>"; };
		C3C5AF9827602A3B00178E4E /* MainView.swift */ = {isa = PBXFileReference; lastKnownFileType = sourcecode.swift; path = MainView.swift; sourceTree = "<group>"; };
		C3C5AF9A27602A3C00178E4E /* Assets.xcassets */ = {isa = PBXFileReference; lastKnownFileType = folder.assetcatalog; path = Assets.xcassets; sourceTree = "<group>"; };
		C3C5AF9D27602A3C00178E4E /* Preview Assets.xcassets */ = {isa = PBXFileReference; lastKnownFileType = folder.assetcatalog; path = "Preview Assets.xcassets"; sourceTree = "<group>"; };
		C3C5AF9F27602A3C00178E4E /* PassWord.entitlements */ = {isa = PBXFileReference; lastKnownFileType = text.plist.entitlements; path = PassWord.entitlements; sourceTree = "<group>"; };
		C3D1B4C7277B66260032F705 /* Extentions.swift */ = {isa = PBXFileReference; lastKnownFileType = sourcecode.swift; path = Extentions.swift; sourceTree = "<group>"; };
/* End PBXFileReference section */

/* Begin PBXFrameworksBuildPhase section */
		C3C5AF9027602A3B00178E4E /* Frameworks */ = {
			isa = PBXFrameworksBuildPhase;
			buildActionMask = 2147483647;
			files = (
			);
			runOnlyForDeploymentPostprocessing = 0;
		};
/* End PBXFrameworksBuildPhase section */

/* Begin PBXGroup section */
		C3C5AF8A27602A3A00178E4E = {
			isa = PBXGroup;
			children = (
				C3C5AF9527602A3B00178E4E /* PassWord */,
				C3C5AF9427602A3B00178E4E /* Products */,
			);
			sourceTree = "<group>";
		};
		C3C5AF9427602A3B00178E4E /* Products */ = {
			isa = PBXGroup;
			children = (
				C3C5AF9327602A3B00178E4E /* PassWord Creator.app */,
			);
			name = Products;
			sourceTree = "<group>";
		};
		C3C5AF9527602A3B00178E4E /* PassWord */ = {
			isa = PBXGroup;
			children = (
				C32A5A402798A31300263E97 /* Localizable.strings */,
				C3C5AF9627602A3B00178E4E /* PassWordApp.swift */,
				C3C5AF9827602A3B00178E4E /* MainView.swift */,
				C30129AC27973DA2001722CB /* MainMenu.xib */,
				C3CDF27927755587006B00FF /* Additional_Views */,
				C3CDF27827755579006B00FF /* ViewModels */,
				C3CDF27627755557006B00FF /* password_generation */,
				C3C5AF9A27602A3C00178E4E /* Assets.xcassets */,
				C3C5AF9F27602A3C00178E4E /* PassWord.entitlements */,
				C3C5AF9C27602A3C00178E4E /* Preview Content */,
			);
			name = PassWord;
			path = "PassWord-Creator";
			sourceTree = "<group>";
		};
		C3C5AF9C27602A3C00178E4E /* Preview Content */ = {
			isa = PBXGroup;
			children = (
				C3C5AF9D27602A3C00178E4E /* Preview Assets.xcassets */,
			);
			path = "Preview Content";
			sourceTree = "<group>";
		};
		C3CDF27627755557006B00FF /* password_generation */ = {
			isa = PBXGroup;
			children = (
				C3BBCCC52766CC0B00AB3F2F /* password_gen.swift */,
				C3BBCCC72766CC0E00AB3F2F /* password_gen_helper.swift */,
				C3CDF2772775556B006B00FF /* word_handling */,
			);
			path = password_generation;
			sourceTree = "<group>";
		};
		C3CDF2772775556B006B00FF /* word_handling */ = {
			isa = PBXGroup;
			children = (
				C3BBCCC12766CB9B00AB3F2F /* word_index_handler.swift */,
				C3BBCCC32766CBFD00AB3F2F /* word_index.swift */,
				C3D976D927674AE1003CE09D /* words */,
			);
			path = word_handling;
			sourceTree = "<group>";
		};
		C3CDF27827755579006B00FF /* ViewModels */ = {
			isa = PBXGroup;
			children = (
				C306CE6C2770F26C00102885 /* StepperViewModel.swift */,
				C3831DC5277294FC00CE382C /* LanguageViewModel.swift */,
			);
			path = ViewModels;
			sourceTree = "<group>";
		};
		C3CDF27927755587006B00FF /* Additional_Views */ = {
			isa = PBXGroup;
			children = (
				C34D6E46277A690600685B8B /* SettingsView.swift */,
				C3D1B4C7277B66260032F705 /* Extentions.swift */,
				C38BC9B3278BBB9200018875 /* AboutView.swift */,
			);
			path = Additional_Views;
			sourceTree = "<group>";
		};
		C3D976D927674AE1003CE09D /* words */ = {
			isa = PBXGroup;
			children = (
				C3D9775F2767B02F003CE09D /* eng */,
				C3D976DA27674AE9003CE09D /* de */,
			);
			path = words;
			sourceTree = "<group>";
		};
		C3D976DA27674AE9003CE09D /* de */ = {
			isa = PBXGroup;
			children = (
				C3BB2BB0277142C9002802B7 /* 2-de.wordpass */,
				C3BB2BB8277142C9002802B7 /* 3-de.wordpass */,
				C3BB2BAB277142C9002802B7 /* 4-de.wordpass */,
				C3BB2BA5277142C8002802B7 /* 5-de.wordpass */,
				C3BB2BCF277142CA002802B7 /* 6-de.wordpass */,
				C3BB2BC9277142CA002802B7 /* 7-de.wordpass */,
				C3BB2BB1277142C9002802B7 /* 8-de.wordpass */,
				C3BB2BC7277142C9002802B7 /* 9-de.wordpass */,
				C3BB2BA7277142C8002802B7 /* 10-de.wordpass */,
				C3BB2BC4277142C9002802B7 /* 11-de.wordpass */,
				C3BB2BCC277142CA002802B7 /* 12-de.wordpass */,
				C3BB2BAA277142C8002802B7 /* 13-de.wordpass */,
				C3BB2BA6277142C8002802B7 /* 14-de.wordpass */,
				C3BB2BBF277142C9002802B7 /* 15-de.wordpass */,
				C3BB2BC5277142C9002802B7 /* 16-de.wordpass */,
				C3BB2BD0277142CA002802B7 /* 17-de.wordpass */,
				C3BB2BCB277142CA002802B7 /* 18-de.wordpass */,
				C3BB2BCE277142CA002802B7 /* 19-de.wordpass */,
				C3BB2BB2277142C9002802B7 /* 20-de.wordpass */,
				C3BB2BC3277142C9002802B7 /* 21-de.wordpass */,
				C3BB2BB7277142C9002802B7 /* 22-de.wordpass */,
				C3BB2BC1277142C9002802B7 /* 23-de.wordpass */,
				C3BB2BCD277142CA002802B7 /* 24-de.wordpass */,
				C3BB2BCA277142CA002802B7 /* 25-de.wordpass */,
				C3BB2BA9277142C8002802B7 /* 26-de.wordpass */,
				C3BB2BB4277142C9002802B7 /* 27-de.wordpass */,
				C3BB2BB9277142C9002802B7 /* 28-de.wordpass */,
				C3BB2BBA277142C9002802B7 /* 29-de.wordpass */,
				C3BB2BAF277142C9002802B7 /* 30-de.wordpass */,
				C3BB2BBD277142C9002802B7 /* 31-de.wordpass */,
				C3BB2BA8277142C8002802B7 /* 32-de.wordpass */,
				C3BB2BAC277142C9002802B7 /* 33-de.wordpass */,
				C3BB2BC0277142C9002802B7 /* 34-de.wordpass */,
				C3BB2BC6277142C9002802B7 /* 35-de.wordpass */,
				C3BB2BBE277142C9002802B7 /* 36-de.wordpass */,
				C3BB2BB5277142C9002802B7 /* 37-de.wordpass */,
				C3BB2BC2277142C9002802B7 /* 38-de.wordpass */,
				C3BB2BB6277142C9002802B7 /* 39-de.wordpass */,
				C3BB2BB3277142C9002802B7 /* 40-de.wordpass */,
				C3BB2BAD277142C9002802B7 /* 41-de.wordpass */,
				C3BB2BAE277142C9002802B7 /* 42-de.wordpass */,
				C3BB2BC8277142C9002802B7 /* 43-de.wordpass */,
				C3BB2BBB277142C9002802B7 /* 44-de.wordpass */,
				C3BB2BBC277142C9002802B7 /* 45-de.wordpass */,
			);
			path = de;
			sourceTree = "<group>";
		};
		C3D9775F2767B02F003CE09D /* eng */ = {
			isa = PBXGroup;
			children = (
				C3A763EC2771FFB100103870 /* 2-eng.wordpass */,
				C3A763F02771FFB100103870 /* 3-eng.wordpass */,
				C3A763E72771FFB100103870 /* 4-eng.wordpass */,
				C3A763EE2771FFB100103870 /* 5-eng.wordpass */,
				C3A763DD2771FFB000103870 /* 6-eng.wordpass */,
				C3A763E52771FFB100103870 /* 7-eng.wordpass */,
				C3A763EA2771FFB100103870 /* 8-eng.wordpass */,
				C3A763E62771FFB100103870 /* 9-eng.wordpass */,
				C3A763F82771FFB200103870 /* 10-eng.wordpass */,
				C3A763E82771FFB100103870 /* 11-eng.wordpass */,
				C3A763DF2771FFB100103870 /* 12-eng.wordpass */,
				C3A763F42771FFB100103870 /* 13-eng.wordpass */,
				C3A763E02771FFB100103870 /* 14-eng.wordpass */,
				C3A763EF2771FFB100103870 /* 15-eng.wordpass */,
				C3A763DC2771FFB000103870 /* 16-eng.wordpass */,
				C3A763F32771FFB100103870 /* 17-eng.wordpass */,
				C3A763F62771FFB100103870 /* 18-eng.wordpass */,
				C3A763E22771FFB100103870 /* 19-eng.wordpass */,
				C3A763EB2771FFB100103870 /* 20-eng.wordpass */,
				C3A763F22771FFB100103870 /* 21-eng.wordpass */,
				C3A763E12771FFB100103870 /* 22-eng.wordpass */,
				C3A763E42771FFB100103870 /* 23-eng.wordpass */,
				C3A763ED2771FFB100103870 /* 24-eng.wordpass */,
				C3A763F52771FFB100103870 /* 25-eng.wordpass */,
				C3A763DB2771FFB000103870 /* 27-eng.wordpass */,
				C3A763F12771FFB100103870 /* 28-eng.wordpass */,
				C3A763F72771FFB100103870 /* 29-eng.wordpass */,
				C3A763E92771FFB100103870 /* 31-eng.wordpass */,
			);
			path = eng;
			sourceTree = "<group>";
		};
/* End PBXGroup section */

/* Begin PBXNativeTarget section */
		C3C5AF9227602A3B00178E4E /* PassWord Creator */ = {
			isa = PBXNativeTarget;
			buildConfigurationList = C3C5AFA227602A3C00178E4E /* Build configuration list for PBXNativeTarget "PassWord Creator" */;
			buildPhases = (
				C3C5AF8F27602A3B00178E4E /* Sources */,
				C3C5AF9027602A3B00178E4E /* Frameworks */,
				C3C5AF9127602A3B00178E4E /* Resources */,
			);
			buildRules = (
			);
			dependencies = (
			);
			name = "PassWord Creator";
			productName = wordPass;
			productReference = C3C5AF9327602A3B00178E4E /* PassWord Creator.app */;
			productType = "com.apple.product-type.application";
		};
/* End PBXNativeTarget section */

/* Begin PBXProject section */
		C3C5AF8B27602A3A00178E4E /* Project object */ = {
			isa = PBXProject;
			attributes = {
				BuildIndependentTargetsInParallel = 1;
				LastSwiftUpdateCheck = 1310;
				LastUpgradeCheck = 1320;
				TargetAttributes = {
					C3C5AF9227602A3B00178E4E = {
						CreatedOnToolsVersion = 13.1;
					};
				};
			};
			buildConfigurationList = C3C5AF8E27602A3A00178E4E /* Build configuration list for PBXProject "PassWord-Creator" */;
			compatibilityVersion = "Xcode 10.0";
			developmentRegion = en;
			hasScannedForEncodings = 0;
			knownRegions = (
				en,
				Base,
				de,
			);
			mainGroup = C3C5AF8A27602A3A00178E4E;
			productRefGroup = C3C5AF9427602A3B00178E4E /* Products */;
			projectDirPath = "";
			projectRoot = "";
			targets = (
				C3C5AF9227602A3B00178E4E /* PassWord Creator */,
			);
		};
/* End PBXProject section */

/* Begin PBXResourcesBuildPhase section */
		C3C5AF9127602A3B00178E4E /* Resources */ = {
			isa = PBXResourcesBuildPhase;
			buildActionMask = 2147483647;
			files = (
				C3BB2BDC277142CA002802B7 /* 2-de.wordpass in Resources */,
				C3A764052771FFB200103870 /* 4-eng.wordpass in Resources */,
				C3A764102771FFB200103870 /* 21-eng.wordpass in Resources */,
				C3BB2BF0277142CA002802B7 /* 11-de.wordpass in Resources */,
				C3BB2BF9277142CA002802B7 /* 24-de.wordpass in Resources */,
				C3BB2BFB277142CA002802B7 /* 6-de.wordpass in Resources */,
				C3C5AF9E27602A3C00178E4E /* Preview Assets.xcassets in Resources */,
				C3BB2BE7277142CA002802B7 /* 44-de.wordpass in Resources */,
				C3BB2BDA277142CA002802B7 /* 42-de.wordpass in Resources */,
				C3A7640A2771FFB200103870 /* 2-eng.wordpass in Resources */,
				C3BB2BF1277142CA002802B7 /* 16-de.wordpass in Resources */,
				C3A764132771FFB200103870 /* 25-eng.wordpass in Resources */,
				C3A764162771FFB200103870 /* 10-eng.wordpass in Resources */,
				C3BB2BD3277142CA002802B7 /* 10-de.wordpass in Resources */,
				C3BB2BE3277142CA002802B7 /* 22-de.wordpass in Resources */,
				C3A764152771FFB200103870 /* 29-eng.wordpass in Resources */,
				C3BB2BDF277142CA002802B7 /* 40-de.wordpass in Resources */,
				C3A764002771FFB200103870 /* 19-eng.wordpass in Resources */,
				C3BB2BD6277142CA002802B7 /* 13-de.wordpass in Resources */,
				C3BB2BF6277142CA002802B7 /* 25-de.wordpass in Resources */,
				C3A7640E2771FFB200103870 /* 3-eng.wordpass in Resources */,
				C3BB2BED277142CA002802B7 /* 23-de.wordpass in Resources */,
				C3A764062771FFB200103870 /* 11-eng.wordpass in Resources */,
				C3A7640F2771FFB200103870 /* 28-eng.wordpass in Resources */,
				C3A7640C2771FFB200103870 /* 5-eng.wordpass in Resources */,
				C3BB2BFC277142CA002802B7 /* 17-de.wordpass in Resources */,
				C3A764092771FFB200103870 /* 20-eng.wordpass in Resources */,
				C3A764142771FFB200103870 /* 18-eng.wordpass in Resources */,
				C3BB2BEC277142CA002802B7 /* 34-de.wordpass in Resources */,
				C3BB2BD9277142CA002802B7 /* 41-de.wordpass in Resources */,
				C3BB2BD5277142CA002802B7 /* 26-de.wordpass in Resources */,
				C3BB2BD2277142CA002802B7 /* 14-de.wordpass in Resources */,
				C3BB2BE2277142CA002802B7 /* 39-de.wordpass in Resources */,
				C3A763FF2771FFB200103870 /* 22-eng.wordpass in Resources */,
				C3BB2BE6277142CA002802B7 /* 29-de.wordpass in Resources */,
				C3A7640D2771FFB200103870 /* 15-eng.wordpass in Resources */,
				C3A764032771FFB200103870 /* 7-eng.wordpass in Resources */,
				C3BB2BF5277142CA002802B7 /* 7-de.wordpass in Resources */,
				C3BB2BE0277142CA002802B7 /* 27-de.wordpass in Resources */,
				C3A763FE2771FFB200103870 /* 14-eng.wordpass in Resources */,
				C3BB2BD4277142CA002802B7 /* 32-de.wordpass in Resources */,
				C3BB2BDB277142CA002802B7 /* 30-de.wordpass in Resources */,
				C3A764112771FFB200103870 /* 17-eng.wordpass in Resources */,
				C3BB2BEE277142CA002802B7 /* 38-de.wordpass in Resources */,
				C3C5AF9B27602A3C00178E4E /* Assets.xcassets in Resources */,
				C3BB2BEA277142CA002802B7 /* 36-de.wordpass in Resources */,
				C3BB2BDE277142CA002802B7 /* 20-de.wordpass in Resources */,
				C3BB2BD8277142CA002802B7 /* 33-de.wordpass in Resources */,
				C3BB2BD1277142CA002802B7 /* 5-de.wordpass in Resources */,
				C3BB2BE4277142CA002802B7 /* 3-de.wordpass in Resources */,
				C3A764022771FFB200103870 /* 23-eng.wordpass in Resources */,
				C3BB2BD7277142CA002802B7 /* 4-de.wordpass in Resources */,
				C3A764042771FFB200103870 /* 9-eng.wordpass in Resources */,
				C3BB2BF4277142CA002802B7 /* 43-de.wordpass in Resources */,
				C3A764122771FFB200103870 /* 13-eng.wordpass in Resources */,
				C3BB2BF2277142CA002802B7 /* 35-de.wordpass in Resources */,
				C30129AD27973DA2001722CB /* MainMenu.xib in Resources */,
				C3BB2BFA277142CA002802B7 /* 19-de.wordpass in Resources */,
				C3A763FB2771FFB200103870 /* 6-eng.wordpass in Resources */,
				C3BB2BE8277142CA002802B7 /* 45-de.wordpass in Resources */,
				C3BB2BE9277142CA002802B7 /* 31-de.wordpass in Resources */,
				C3BB2BEB277142CA002802B7 /* 15-de.wordpass in Resources */,
				C3A763F92771FFB200103870 /* 27-eng.wordpass in Resources */,
				C3BB2BDD277142CA002802B7 /* 8-de.wordpass in Resources */,
				C3A764072771FFB200103870 /* 31-eng.wordpass in Resources */,
				C3BB2BE1277142CA002802B7 /* 37-de.wordpass in Resources */,
				C3A764082771FFB200103870 /* 8-eng.wordpass in Resources */,
				C3A7640B2771FFB200103870 /* 24-eng.wordpass in Resources */,
				C3BB2BF7277142CA002802B7 /* 18-de.wordpass in Resources */,
				C3BB2BF3277142CA002802B7 /* 9-de.wordpass in Resources */,
				C3BB2BEF277142CA002802B7 /* 21-de.wordpass in Resources */,
				C3A763FD2771FFB200103870 /* 12-eng.wordpass in Resources */,
				C3BB2BF8277142CA002802B7 /* 12-de.wordpass in Resources */,
				C32A5A3E2798A31300263E97 /* Localizable.strings in Resources */,
				C3A763FA2771FFB200103870 /* 16-eng.wordpass in Resources */,
				C3BB2BE5277142CA002802B7 /* 28-de.wordpass in Resources */,
			);
			runOnlyForDeploymentPostprocessing = 0;
		};
/* End PBXResourcesBuildPhase section */

/* Begin PBXSourcesBuildPhase section */
		C3C5AF8F27602A3B00178E4E /* Sources */ = {
			isa = PBXSourcesBuildPhase;
			buildActionMask = 2147483647;
			files = (
				C3BBCCC22766CB9B00AB3F2F /* word_index_handler.swift in Sources */,
				C3C5AF9927602A3B00178E4E /* MainView.swift in Sources */,
				C38BC9B4278BBB9200018875 /* AboutView.swift in Sources */,
				C306CE6D2770F26C00102885 /* StepperViewModel.swift in Sources */,
				C3D1B4C8277B66260032F705 /* Extentions.swift in Sources */,
				C3831DC6277294FC00CE382C /* LanguageViewModel.swift in Sources */,
				C3BBCCC62766CC0B00AB3F2F /* password_gen.swift in Sources */,
				C34D6E47277A690700685B8B /* SettingsView.swift in Sources */,
				C3BBCCC82766CC0E00AB3F2F /* password_gen_helper.swift in Sources */,
				C3BBCCC42766CBFD00AB3F2F /* word_index.swift in Sources */,
				C3C5AF9727602A3B00178E4E /* PassWordApp.swift in Sources */,
			);
			runOnlyForDeploymentPostprocessing = 0;
		};
/* End PBXSourcesBuildPhase section */

/* Begin PBXVariantGroup section */
		C32A5A402798A31300263E97 /* Localizable.strings */ = {
			isa = PBXVariantGroup;
			children = (
				C32A5A3F2798A31300263E97 /* en */,
				C32A5A422798A58600263E97 /* de */,
			);
			name = Localizable.strings;
			sourceTree = "<group>";
		};
/* End PBXVariantGroup section */

/* Begin XCBuildConfiguration section */
		C3C5AFA027602A3C00178E4E /* Debug */ = {
			isa = XCBuildConfiguration;
			buildSettings = {
				ALWAYS_SEARCH_USER_PATHS = NO;
				CLANG_ANALYZER_LOCALIZABILITY_NONLOCALIZED = YES;
				CLANG_ANALYZER_NONNULL = YES;
				CLANG_ANALYZER_NUMBER_OBJECT_CONVERSION = YES_AGGRESSIVE;
				CLANG_CXX_LANGUAGE_STANDARD = "gnu++17";
				CLANG_CXX_LIBRARY = "libc++";
				CLANG_ENABLE_MODULES = YES;
				CLANG_ENABLE_OBJC_ARC = YES;
				CLANG_ENABLE_OBJC_WEAK = YES;
				CLANG_WARN_BLOCK_CAPTURE_AUTORELEASING = YES;
				CLANG_WARN_BOOL_CONVERSION = YES;
				CLANG_WARN_COMMA = YES;
				CLANG_WARN_CONSTANT_CONVERSION = YES;
				CLANG_WARN_DEPRECATED_OBJC_IMPLEMENTATIONS = YES;
				CLANG_WARN_DIRECT_OBJC_ISA_USAGE = YES_ERROR;
				CLANG_WARN_DOCUMENTATION_COMMENTS = YES;
				CLANG_WARN_EMPTY_BODY = YES;
				CLANG_WARN_ENUM_CONVERSION = YES;
				CLANG_WARN_INFINITE_RECURSION = YES;
				CLANG_WARN_INT_CONVERSION = YES;
				CLANG_WARN_NON_LITERAL_NULL_CONVERSION = YES;
				CLANG_WARN_OBJC_IMPLICIT_RETAIN_SELF = YES;
				CLANG_WARN_OBJC_LITERAL_CONVERSION = YES;
				CLANG_WARN_OBJC_ROOT_CLASS = YES_ERROR;
				CLANG_WARN_QUOTED_INCLUDE_IN_FRAMEWORK_HEADER = YES;
				CLANG_WARN_RANGE_LOOP_ANALYSIS = YES;
				CLANG_WARN_STRICT_PROTOTYPES = YES;
				CLANG_WARN_SUSPICIOUS_MOVE = YES;
				CLANG_WARN_UNGUARDED_AVAILABILITY = YES_AGGRESSIVE;
				CLANG_WARN_UNREACHABLE_CODE = YES;
				CLANG_WARN__DUPLICATE_METHOD_MATCH = YES;
				COPY_PHASE_STRIP = NO;
				DEBUG_INFORMATION_FORMAT = dwarf;
				ENABLE_STRICT_OBJC_MSGSEND = YES;
				ENABLE_TESTABILITY = YES;
				GCC_C_LANGUAGE_STANDARD = gnu11;
				GCC_DYNAMIC_NO_PIC = NO;
				GCC_NO_COMMON_BLOCKS = YES;
				GCC_OPTIMIZATION_LEVEL = 0;
				GCC_PREPROCESSOR_DEFINITIONS = (
					"DEBUG=1",
					"$(inherited)",
				);
				GCC_WARN_64_TO_32_BIT_CONVERSION = YES;
				GCC_WARN_ABOUT_RETURN_TYPE = YES_ERROR;
				GCC_WARN_UNDECLARED_SELECTOR = YES;
				GCC_WARN_UNINITIALIZED_AUTOS = YES_AGGRESSIVE;
				GCC_WARN_UNUSED_FUNCTION = YES;
				GCC_WARN_UNUSED_VARIABLE = YES;
				MACOSX_DEPLOYMENT_TARGET = 10.15;
				MTL_ENABLE_DEBUG_INFO = INCLUDE_SOURCE;
				MTL_FAST_MATH = YES;
				ONLY_ACTIVE_ARCH = YES;
				SDKROOT = macosx;
				SWIFT_ACTIVE_COMPILATION_CONDITIONS = DEBUG;
				SWIFT_OPTIMIZATION_LEVEL = "-Onone";
			};
			name = Debug;
		};
		C3C5AFA127602A3C00178E4E /* Release */ = {
			isa = XCBuildConfiguration;
			buildSettings = {
				ALWAYS_SEARCH_USER_PATHS = NO;
				CLANG_ANALYZER_LOCALIZABILITY_NONLOCALIZED = YES;
				CLANG_ANALYZER_NONNULL = YES;
				CLANG_ANALYZER_NUMBER_OBJECT_CONVERSION = YES_AGGRESSIVE;
				CLANG_CXX_LANGUAGE_STANDARD = "gnu++17";
				CLANG_CXX_LIBRARY = "libc++";
				CLANG_ENABLE_MODULES = YES;
				CLANG_ENABLE_OBJC_ARC = YES;
				CLANG_ENABLE_OBJC_WEAK = YES;
				CLANG_WARN_BLOCK_CAPTURE_AUTORELEASING = YES;
				CLANG_WARN_BOOL_CONVERSION = YES;
				CLANG_WARN_COMMA = YES;
				CLANG_WARN_CONSTANT_CONVERSION = YES;
				CLANG_WARN_DEPRECATED_OBJC_IMPLEMENTATIONS = YES;
				CLANG_WARN_DIRECT_OBJC_ISA_USAGE = YES_ERROR;
				CLANG_WARN_DOCUMENTATION_COMMENTS = YES;
				CLANG_WARN_EMPTY_BODY = YES;
				CLANG_WARN_ENUM_CONVERSION = YES;
				CLANG_WARN_INFINITE_RECURSION = YES;
				CLANG_WARN_INT_CONVERSION = YES;
				CLANG_WARN_NON_LITERAL_NULL_CONVERSION = YES;
				CLANG_WARN_OBJC_IMPLICIT_RETAIN_SELF = YES;
				CLANG_WARN_OBJC_LITERAL_CONVERSION = YES;
				CLANG_WARN_OBJC_ROOT_CLASS = YES_ERROR;
				CLANG_WARN_QUOTED_INCLUDE_IN_FRAMEWORK_HEADER = YES;
				CLANG_WARN_RANGE_LOOP_ANALYSIS = YES;
				CLANG_WARN_STRICT_PROTOTYPES = YES;
				CLANG_WARN_SUSPICIOUS_MOVE = YES;
				CLANG_WARN_UNGUARDED_AVAILABILITY = YES_AGGRESSIVE;
				CLANG_WARN_UNREACHABLE_CODE = YES;
				CLANG_WARN__DUPLICATE_METHOD_MATCH = YES;
				COPY_PHASE_STRIP = NO;
				DEBUG_INFORMATION_FORMAT = "dwarf-with-dsym";
				ENABLE_NS_ASSERTIONS = NO;
				ENABLE_STRICT_OBJC_MSGSEND = YES;
				GCC_C_LANGUAGE_STANDARD = gnu11;
				GCC_NO_COMMON_BLOCKS = YES;
				GCC_WARN_64_TO_32_BIT_CONVERSION = YES;
				GCC_WARN_ABOUT_RETURN_TYPE = YES_ERROR;
				GCC_WARN_UNDECLARED_SELECTOR = YES;
				GCC_WARN_UNINITIALIZED_AUTOS = YES_AGGRESSIVE;
				GCC_WARN_UNUSED_FUNCTION = YES;
				GCC_WARN_UNUSED_VARIABLE = YES;
				MACOSX_DEPLOYMENT_TARGET = 10.15;
				MTL_ENABLE_DEBUG_INFO = NO;
				MTL_FAST_MATH = YES;
				SDKROOT = macosx;
				SWIFT_COMPILATION_MODE = wholemodule;
				SWIFT_OPTIMIZATION_LEVEL = "-O";
			};
			name = Release;
		};
		C3C5AFA327602A3C00178E4E /* Debug */ = {
			isa = XCBuildConfiguration;
			buildSettings = {
				ASSETCATALOG_COMPILER_APPICON_NAME = AppIcon;
				ASSETCATALOG_COMPILER_GLOBAL_ACCENT_COLOR_NAME = AccentColor;
				CODE_SIGN_ENTITLEMENTS = "PassWord-Creator/PassWord.entitlements";
				CODE_SIGN_IDENTITY = "Apple Development";
				CODE_SIGN_STYLE = Automatic;
				COMBINE_HIDPI_IMAGES = YES;
				CURRENT_PROJECT_VERSION = 1;
				DEVELOPMENT_ASSET_PATHS = "\"PassWord-Creator/Preview Content\"";
				DEVELOPMENT_TEAM = 2UGDUMT6N4;
				ENABLE_HARDENED_RUNTIME = YES;
				ENABLE_PREVIEWS = YES;
				GENERATE_INFOPLIST_FILE = YES;
				INFOPLIST_KEY_NSHumanReadableCopyright = "";
				LD_RUNPATH_SEARCH_PATHS = (
					"$(inherited)",
					"@executable_path/../Frameworks",
				);
				MACOSX_DEPLOYMENT_TARGET = 10.15;
				MARKETING_VERSION = 1.0;
				PRODUCT_BUNDLE_IDENTIFIER = "codes.cr.PassWord-Creator";
				PRODUCT_NAME = "$(TARGET_NAME)";
				PROVISIONING_PROFILE_SPECIFIER = "";
				SWIFT_EMIT_LOC_STRINGS = YES;
				SWIFT_VERSION = 5.0;
			};
			name = Debug;
		};
		C3C5AFA427602A3C00178E4E /* Release */ = {
			isa = XCBuildConfiguration;
			buildSettings = {
				ASSETCATALOG_COMPILER_APPICON_NAME = AppIcon;
				ASSETCATALOG_COMPILER_GLOBAL_ACCENT_COLOR_NAME = AccentColor;
				CODE_SIGN_ENTITLEMENTS = "PassWord-Creator/PassWord.entitlements";
				CODE_SIGN_IDENTITY = "Apple Development";
				CODE_SIGN_STYLE = Automatic;
				COMBINE_HIDPI_IMAGES = YES;
				CURRENT_PROJECT_VERSION = 1;
				DEVELOPMENT_ASSET_PATHS = "\"PassWord-Creator/Preview Content\"";
				DEVELOPMENT_TEAM = 2UGDUMT6N4;
				ENABLE_HARDENED_RUNTIME = YES;
				ENABLE_PREVIEWS = YES;
				GENERATE_INFOPLIST_FILE = YES;
				INFOPLIST_KEY_NSHumanReadableCopyright = "";
				LD_RUNPATH_SEARCH_PATHS = (
					"$(inherited)",
					"@executable_path/../Frameworks",
				);
				MACOSX_DEPLOYMENT_TARGET = 10.15;
				MARKETING_VERSION = 1.0;
				PRODUCT_BUNDLE_IDENTIFIER = "codes.cr.PassWord-Creator";
				PRODUCT_NAME = "$(TARGET_NAME)";
				PROVISIONING_PROFILE_SPECIFIER = "";
				SWIFT_EMIT_LOC_STRINGS = YES;
				SWIFT_VERSION = 5.0;
			};
			name = Release;
		};
/* End XCBuildConfiguration section */

/* Begin XCConfigurationList section */
		C3C5AF8E27602A3A00178E4E /* Build configuration list for PBXProject "PassWord-Creator" */ = {
			isa = XCConfigurationList;
			buildConfigurations = (
				C3C5AFA027602A3C00178E4E /* Debug */,
				C3C5AFA127602A3C00178E4E /* Release */,
			);
			defaultConfigurationIsVisible = 0;
			defaultConfigurationName = Release;
		};
		C3C5AFA227602A3C00178E4E /* Build configuration list for PBXNativeTarget "PassWord Creator" */ = {
			isa = XCConfigurationList;
			buildConfigurations = (
				C3C5AFA327602A3C00178E4E /* Debug */,
				C3C5AFA427602A3C00178E4E /* Release */,
			);
			defaultConfigurationIsVisible = 0;
			defaultConfigurationName = Release;
		};
/* End XCConfigurationList section */
	};
	rootObject = C3C5AF8B27602A3A00178E4E /* Project object */;
}
